
Microsoft Visual Studio Solution File, Format Version 12.00
# Visual Studio Version 16
VisualStudioVersion = 16.0.29020.237
MinimumVisualStudioVersion = 10.0.40219.1
Project("{FAE04EC0-301F-11D3-BF4B-00C04F79EFBC}") = "Exercises", "Exercises\Exercises.csproj", "{942840BF-2734-49C6-B1D1-17A5BA052CA1}"
EndProject
Project("{FAE04EC0-301F-11D3-BF4B-00C04F79EFBC}") = "InterfacesDemo", "InterfacesDemo\InterfacesDemo.csproj", "{877D1AF0-F15B-4459-95B4-02FC1690EB36}"
EndProject
Project("{FAE04EC0-301F-11D3-BF4B-00C04F79EFBC}") = "GenericsDemo", "GenericsDemo\GenericsDemo.csproj", "{92F7F23D-2E99-4F43-8DFA-F32BDFEA33AE}"
EndProject
Global
	GlobalSection(SolutionConfigurationPlatforms) = preSolution
		Debug|Any CPU = Debug|Any CPU
		Release|Any CPU = Release|Any CPU
	EndGlobalSection
	GlobalSection(ProjectConfigurationPlatforms) = postSolution
		{942840BF-2734-49C6-B1D1-17A5BA052CA1}.Debug|Any CPU.ActiveCfg = Debug|Any CPU
		{942840BF-2734-49C6-B1D1-17A5BA052CA1}.Debug|Any CPU.Build.0 = Debug|Any CPU
		{942840BF-2734-49C6-B1D1-17A5BA052CA1}.Release|Any CPU.ActiveCfg = Release|Any CPU
		{942840BF-2734-49C6-B1D1-17A5BA052CA1}.Release|Any CPU.Build.0 = Release|Any CPU
		{877D1AF0-F15B-4459-95B4-02FC1690EB36}.Debug|Any CPU.ActiveCfg = Debug|Any CPU
		{877D1AF0-F15B-4459-95B4-02FC1690EB36}.Debug|Any CPU.Build.0 = Debug|Any CPU
		{877D1AF0-F15B-4459-95B4-02FC1690EB36}.Release|Any CPU.ActiveCfg = Release|Any CPU
		{877D1AF0-F15B-4459-95B4-02FC1690EB36}.Release|Any CPU.Build.0 = Release|Any CPU
		{92F7F23D-2E99-4F43-8DFA-F32BDFEA33AE}.Debug|Any CPU.ActiveCfg = Debug|Any CPU
		{92F7F23D-2E99-4F43-8DFA-F32BDFEA33AE}.Debug|Any CPU.Build.0 = Debug|Any CPU
		{92F7F23D-2E99-4F43-8DFA-F32BDFEA33AE}.Release|Any CPU.ActiveCfg = Release|Any CPU
		{92F7F23D-2E99-4F43-8DFA-F32BDFEA33AE}.Release|Any CPU.Build.0 = Release|Any CPU
	EndGlobalSection
	GlobalSection(SolutionProperties) = preSolution
		HideSolutionNode = FALSE
	EndGlobalSection
	GlobalSection(ExtensibilityGlobals) = postSolution
		SolutionGuid = {386D9B82-F751-45E3-A2EF-A627060FD40D}
	EndGlobalSection
EndGlobal
