
Microsoft Visual Studio Solution File, Format Version 12.00
# Visual Studio Version 16
VisualStudioVersion = 16.0.29020.237
MinimumVisualStudioVersion = 10.0.40219.1
Project("{FAE04EC0-301F-11D3-BF4B-00C04F79EFBC}") = "Startup", "Exercises\Startup.csproj", "{942840BF-2734-49C6-B1D1-17A5BA052CA1}"
EndProject
Project("{FAE04EC0-301F-11D3-BF4B-00C04F79EFBC}") = "InterfacesDemo", "InterfacesDemo\InterfacesDemo.csproj", "{877D1AF0-F15B-4459-95B4-02FC1690EB36}"
EndProject
Project("{FAE04EC0-301F-11D3-BF4B-00C04F79EFBC}") = "Generics(object to file)", "GenericsDemo\Generics(object to file).csproj", "{92F7F23D-2E99-4F43-8DFA-F32BDFEA33AE}"
EndProject
Project("{FAE04EC0-301F-11D3-BF4B-00C04F79EFBC}") = "Todo", "Todo\Todo.csproj", "{3A8029B7-2FE2-41B7-997A-DA1FF70AF834}"
EndProject
Project("{FAE04EC0-301F-11D3-BF4B-00C04F79EFBC}") = "ExceptionsLibrary", "ExceptionsLibrary\ExceptionsLibrary.csproj", "{D836FF91-D4C6-43D4-9A8D-8AF67CB58DB3}"
EndProject
Project("{FAE04EC0-301F-11D3-BF4B-00C04F79EFBC}") = "TextFileDataDemo", "TextFileDataDemo\TextFileDataDemo.csproj", "{9FDF65E4-5806-465F-ABAE-DB6DCFBA8981}"
EndProject
Project("{9A19103F-16F7-4668-BE54-9A1E7A4F7556}") = "AsyncAwaitDemo", "AsyncAwaitDemo\AsyncAwaitDemo.csproj", "{FFBB2CEF-AF55-4730-A4B8-B9BD13E40CAA}"
EndProject
Project("{FAE04EC0-301F-11D3-BF4B-00C04F79EFBC}") = "LinqDemo", "LinqDemo\LinqDemo.csproj", "{BB1A9F25-B759-4E78-B41F-4749646C5A62}"
EndProject
Project("{FAE04EC0-301F-11D3-BF4B-00C04F79EFBC}") = "SortingAlgorithms", "SortingAlgorithms\SortingAlgorithms.csproj", "{1E19642D-2FA6-4346-9293-88728B090A1F}"
EndProject
Global
	GlobalSection(SolutionConfigurationPlatforms) = preSolution
		Debug|Any CPU = Debug|Any CPU
		Release|Any CPU = Release|Any CPU
	EndGlobalSection
	GlobalSection(ProjectConfigurationPlatforms) = postSolution
		{942840BF-2734-49C6-B1D1-17A5BA052CA1}.Debug|Any CPU.ActiveCfg = Debug|Any CPU
		{942840BF-2734-49C6-B1D1-17A5BA052CA1}.Debug|Any CPU.Build.0 = Debug|Any CPU
		{942840BF-2734-49C6-B1D1-17A5BA052CA1}.Release|Any CPU.ActiveCfg = Release|Any CPU
		{942840BF-2734-49C6-B1D1-17A5BA052CA1}.Release|Any CPU.Build.0 = Release|Any CPU
		{877D1AF0-F15B-4459-95B4-02FC1690EB36}.Debug|Any CPU.ActiveCfg = Debug|Any CPU
		{877D1AF0-F15B-4459-95B4-02FC1690EB36}.Debug|Any CPU.Build.0 = Debug|Any CPU
		{877D1AF0-F15B-4459-95B4-02FC1690EB36}.Release|Any CPU.ActiveCfg = Release|Any CPU
		{877D1AF0-F15B-4459-95B4-02FC1690EB36}.Release|Any CPU.Build.0 = Release|Any CPU
		{92F7F23D-2E99-4F43-8DFA-F32BDFEA33AE}.Debug|Any CPU.ActiveCfg = Debug|Any CPU
		{92F7F23D-2E99-4F43-8DFA-F32BDFEA33AE}.Debug|Any CPU.Build.0 = Debug|Any CPU
		{92F7F23D-2E99-4F43-8DFA-F32BDFEA33AE}.Release|Any CPU.ActiveCfg = Release|Any CPU
		{92F7F23D-2E99-4F43-8DFA-F32BDFEA33AE}.Release|Any CPU.Build.0 = Release|Any CPU
		{3A8029B7-2FE2-41B7-997A-DA1FF70AF834}.Debug|Any CPU.ActiveCfg = Debug|Any CPU
		{3A8029B7-2FE2-41B7-997A-DA1FF70AF834}.Debug|Any CPU.Build.0 = Debug|Any CPU
		{3A8029B7-2FE2-41B7-997A-DA1FF70AF834}.Release|Any CPU.ActiveCfg = Release|Any CPU
		{3A8029B7-2FE2-41B7-997A-DA1FF70AF834}.Release|Any CPU.Build.0 = Release|Any CPU
		{D836FF91-D4C6-43D4-9A8D-8AF67CB58DB3}.Debug|Any CPU.ActiveCfg = Debug|Any CPU
		{D836FF91-D4C6-43D4-9A8D-8AF67CB58DB3}.Debug|Any CPU.Build.0 = Debug|Any CPU
		{D836FF91-D4C6-43D4-9A8D-8AF67CB58DB3}.Release|Any CPU.ActiveCfg = Release|Any CPU
		{D836FF91-D4C6-43D4-9A8D-8AF67CB58DB3}.Release|Any CPU.Build.0 = Release|Any CPU
		{9FDF65E4-5806-465F-ABAE-DB6DCFBA8981}.Debug|Any CPU.ActiveCfg = Debug|Any CPU
		{9FDF65E4-5806-465F-ABAE-DB6DCFBA8981}.Debug|Any CPU.Build.0 = Debug|Any CPU
		{9FDF65E4-5806-465F-ABAE-DB6DCFBA8981}.Release|Any CPU.ActiveCfg = Release|Any CPU
		{9FDF65E4-5806-465F-ABAE-DB6DCFBA8981}.Release|Any CPU.Build.0 = Release|Any CPU
		{FFBB2CEF-AF55-4730-A4B8-B9BD13E40CAA}.Debug|Any CPU.ActiveCfg = Debug|Any CPU
		{FFBB2CEF-AF55-4730-A4B8-B9BD13E40CAA}.Debug|Any CPU.Build.0 = Debug|Any CPU
		{FFBB2CEF-AF55-4730-A4B8-B9BD13E40CAA}.Release|Any CPU.ActiveCfg = Release|Any CPU
		{FFBB2CEF-AF55-4730-A4B8-B9BD13E40CAA}.Release|Any CPU.Build.0 = Release|Any CPU
		{BB1A9F25-B759-4E78-B41F-4749646C5A62}.Debug|Any CPU.ActiveCfg = Debug|Any CPU
		{BB1A9F25-B759-4E78-B41F-4749646C5A62}.Debug|Any CPU.Build.0 = Debug|Any CPU
		{BB1A9F25-B759-4E78-B41F-4749646C5A62}.Release|Any CPU.ActiveCfg = Release|Any CPU
		{BB1A9F25-B759-4E78-B41F-4749646C5A62}.Release|Any CPU.Build.0 = Release|Any CPU
		{1E19642D-2FA6-4346-9293-88728B090A1F}.Debug|Any CPU.ActiveCfg = Debug|Any CPU
		{1E19642D-2FA6-4346-9293-88728B090A1F}.Debug|Any CPU.Build.0 = Debug|Any CPU
		{1E19642D-2FA6-4346-9293-88728B090A1F}.Release|Any CPU.ActiveCfg = Release|Any CPU
		{1E19642D-2FA6-4346-9293-88728B090A1F}.Release|Any CPU.Build.0 = Release|Any CPU
	EndGlobalSection
	GlobalSection(SolutionProperties) = preSolution
		HideSolutionNode = FALSE
	EndGlobalSection
	GlobalSection(ExtensibilityGlobals) = postSolution
		SolutionGuid = {386D9B82-F751-45E3-A2EF-A627060FD40D}
	EndGlobalSection
EndGlobal
